
Microsoft Visual Studio Solution File, Format Version 12.00
# Visual Studio Version 16
VisualStudioVersion = 16.0.31515.178
MinimumVisualStudioVersion = 10.0.40219.1
Project("{FAE04EC0-301F-11D3-BF4B-00C04F79EFBC}") = "VC LoopKick", "VC LoopKick\VC LoopKick.csproj", "{80AC90AD-2765-42BA-984A-4E25E46E4456}"
EndProject
Global
	GlobalSection(SolutionConfigurationPlatforms) = preSolution
		Debug|Any CPU = Debug|Any CPU
		Release|Any CPU = Release|Any CPU
	EndGlobalSection
	GlobalSection(ProjectConfigurationPlatforms) = postSolution
		{80AC90AD-2765-42BA-984A-4E25E46E4456}.Debug|Any CPU.ActiveCfg = Debug|Any CPU
		{80AC90AD-2765-42BA-984A-4E25E46E4456}.Debug|Any CPU.Build.0 = Debug|Any CPU
		{80AC90AD-2765-42BA-984A-4E25E46E4456}.Release|Any CPU.ActiveCfg = Release|Any CPU
		{80AC90AD-2765-42BA-984A-4E25E46E4456}.Release|Any CPU.Build.0 = Release|Any CPU
	EndGlobalSection
	GlobalSection(SolutionProperties) = preSolution
		HideSolutionNode = FALSE
	EndGlobalSection
	GlobalSection(ExtensibilityGlobals) = postSolution
		SolutionGuid = {F326CCC8-6A10-46EA-9FEC-04849593E340}
	EndGlobalSection
EndGlobal
